
Microsoft Visual Studio Solution File, Format Version 12.00
# Visual Studio 15
VisualStudioVersion = 15.0.26124.0
MinimumVisualStudioVersion = 15.0.26124.0
Project("{FAE04EC0-301F-11D3-BF4B-00C04F79EFBC}") = "Domain", "Domain\Domain.csproj", "{9A0F0915-EA90-4C0F-9B31-4CE405A7210B}"
EndProject
Project("{FAE04EC0-301F-11D3-BF4B-00C04F79EFBC}") = "Application", "Application\Application.csproj", "{9E55DEB5-9280-42A4-A978-947D7F74D949}"
EndProject
Project("{FAE04EC0-301F-11D3-BF4B-00C04F79EFBC}") = "Persistence", "Persistence\Persistence.csproj", "{2BDB7B9A-7066-4FC4-B8BA-4121D105A8FA}"
EndProject
Project("{FAE04EC0-301F-11D3-BF4B-00C04F79EFBC}") = "API", "API\API.csproj", "{B5E364DF-4A65-46C2-BA9A-ACC38CAC5F78}"
EndProject
Global
	GlobalSection(SolutionConfigurationPlatforms) = preSolution
		Debug|Any CPU = Debug|Any CPU
		Debug|x64 = Debug|x64
		Debug|x86 = Debug|x86
		Release|Any CPU = Release|Any CPU
		Release|x64 = Release|x64
		Release|x86 = Release|x86
	EndGlobalSection
	GlobalSection(SolutionProperties) = preSolution
		HideSolutionNode = FALSE
	EndGlobalSection
	GlobalSection(ProjectConfigurationPlatforms) = postSolution
		{9A0F0915-EA90-4C0F-9B31-4CE405A7210B}.Debug|Any CPU.ActiveCfg = Debug|Any CPU
		{9A0F0915-EA90-4C0F-9B31-4CE405A7210B}.Debug|Any CPU.Build.0 = Debug|Any CPU
		{9A0F0915-EA90-4C0F-9B31-4CE405A7210B}.Debug|x64.ActiveCfg = Debug|Any CPU
		{9A0F0915-EA90-4C0F-9B31-4CE405A7210B}.Debug|x64.Build.0 = Debug|Any CPU
		{9A0F0915-EA90-4C0F-9B31-4CE405A7210B}.Debug|x86.ActiveCfg = Debug|Any CPU
		{9A0F0915-EA90-4C0F-9B31-4CE405A7210B}.Debug|x86.Build.0 = Debug|Any CPU
		{9A0F0915-EA90-4C0F-9B31-4CE405A7210B}.Release|Any CPU.ActiveCfg = Release|Any CPU
		{9A0F0915-EA90-4C0F-9B31-4CE405A7210B}.Release|Any CPU.Build.0 = Release|Any CPU
		{9A0F0915-EA90-4C0F-9B31-4CE405A7210B}.Release|x64.ActiveCfg = Release|Any CPU
		{9A0F0915-EA90-4C0F-9B31-4CE405A7210B}.Release|x64.Build.0 = Release|Any CPU
		{9A0F0915-EA90-4C0F-9B31-4CE405A7210B}.Release|x86.ActiveCfg = Release|Any CPU
		{9A0F0915-EA90-4C0F-9B31-4CE405A7210B}.Release|x86.Build.0 = Release|Any CPU
		{9E55DEB5-9280-42A4-A978-947D7F74D949}.Debug|Any CPU.ActiveCfg = Debug|Any CPU
		{9E55DEB5-9280-42A4-A978-947D7F74D949}.Debug|Any CPU.Build.0 = Debug|Any CPU
		{9E55DEB5-9280-42A4-A978-947D7F74D949}.Debug|x64.ActiveCfg = Debug|Any CPU
		{9E55DEB5-9280-42A4-A978-947D7F74D949}.Debug|x64.Build.0 = Debug|Any CPU
		{9E55DEB5-9280-42A4-A978-947D7F74D949}.Debug|x86.ActiveCfg = Debug|Any CPU
		{9E55DEB5-9280-42A4-A978-947D7F74D949}.Debug|x86.Build.0 = Debug|Any CPU
		{9E55DEB5-9280-42A4-A978-947D7F74D949}.Release|Any CPU.ActiveCfg = Release|Any CPU
		{9E55DEB5-9280-42A4-A978-947D7F74D949}.Release|Any CPU.Build.0 = Release|Any CPU
		{9E55DEB5-9280-42A4-A978-947D7F74D949}.Release|x64.ActiveCfg = Release|Any CPU
		{9E55DEB5-9280-42A4-A978-947D7F74D949}.Release|x64.Build.0 = Release|Any CPU
		{9E55DEB5-9280-42A4-A978-947D7F74D949}.Release|x86.ActiveCfg = Release|Any CPU
		{9E55DEB5-9280-42A4-A978-947D7F74D949}.Release|x86.Build.0 = Release|Any CPU
		{2BDB7B9A-7066-4FC4-B8BA-4121D105A8FA}.Debug|Any CPU.ActiveCfg = Debug|Any CPU
		{2BDB7B9A-7066-4FC4-B8BA-4121D105A8FA}.Debug|Any CPU.Build.0 = Debug|Any CPU
		{2BDB7B9A-7066-4FC4-B8BA-4121D105A8FA}.Debug|x64.ActiveCfg = Debug|Any CPU
		{2BDB7B9A-7066-4FC4-B8BA-4121D105A8FA}.Debug|x64.Build.0 = Debug|Any CPU
		{2BDB7B9A-7066-4FC4-B8BA-4121D105A8FA}.Debug|x86.ActiveCfg = Debug|Any CPU
		{2BDB7B9A-7066-4FC4-B8BA-4121D105A8FA}.Debug|x86.Build.0 = Debug|Any CPU
		{2BDB7B9A-7066-4FC4-B8BA-4121D105A8FA}.Release|Any CPU.ActiveCfg = Release|Any CPU
		{2BDB7B9A-7066-4FC4-B8BA-4121D105A8FA}.Release|Any CPU.Build.0 = Release|Any CPU
		{2BDB7B9A-7066-4FC4-B8BA-4121D105A8FA}.Release|x64.ActiveCfg = Release|Any CPU
		{2BDB7B9A-7066-4FC4-B8BA-4121D105A8FA}.Release|x64.Build.0 = Release|Any CPU
		{2BDB7B9A-7066-4FC4-B8BA-4121D105A8FA}.Release|x86.ActiveCfg = Release|Any CPU
		{2BDB7B9A-7066-4FC4-B8BA-4121D105A8FA}.Release|x86.Build.0 = Release|Any CPU
		{B5E364DF-4A65-46C2-BA9A-ACC38CAC5F78}.Debug|Any CPU.ActiveCfg = Debug|Any CPU
		{B5E364DF-4A65-46C2-BA9A-ACC38CAC5F78}.Debug|Any CPU.Build.0 = Debug|Any CPU
		{B5E364DF-4A65-46C2-BA9A-ACC38CAC5F78}.Debug|x64.ActiveCfg = Debug|Any CPU
		{B5E364DF-4A65-46C2-BA9A-ACC38CAC5F78}.Debug|x64.Build.0 = Debug|Any CPU
		{B5E364DF-4A65-46C2-BA9A-ACC38CAC5F78}.Debug|x86.ActiveCfg = Debug|Any CPU
		{B5E364DF-4A65-46C2-BA9A-ACC38CAC5F78}.Debug|x86.Build.0 = Debug|Any CPU
		{B5E364DF-4A65-46C2-BA9A-ACC38CAC5F78}.Release|Any CPU.ActiveCfg = Release|Any CPU
		{B5E364DF-4A65-46C2-BA9A-ACC38CAC5F78}.Release|Any CPU.Build.0 = Release|Any CPU
		{B5E364DF-4A65-46C2-BA9A-ACC38CAC5F78}.Release|x64.ActiveCfg = Release|Any CPU
		{B5E364DF-4A65-46C2-BA9A-ACC38CAC5F78}.Release|x64.Build.0 = Release|Any CPU
		{B5E364DF-4A65-46C2-BA9A-ACC38CAC5F78}.Release|x86.ActiveCfg = Release|Any CPU
		{B5E364DF-4A65-46C2-BA9A-ACC38CAC5F78}.Release|x86.Build.0 = Release|Any CPU
	EndGlobalSection
EndGlobal
